# This file is generated by gogradle automatically, you should NEVER modify it manually.
---
apiVersion: "0.10.2"
dependencies:
  build:
  - urls:
    - "https://github.com/ddliu/go-httpclient.git"
    - "git@github.com:ddliu/go-httpclient.git"
    vcs: "git"
    name: "github.com/ddliu/go-httpclient"
    commit: "72917d81d0423a6235790470d15a4d099e3490f9"
    transitive: false
  - vcs: "git"
    name: "github.com/gomodule/redigo"
    commit: "9c11da706d9b7902c6da69c592f75637793fe121"
    url: "https://github.com/gomodule/redigo"
    transitive: false
  - vcs: "git"
    name: "golang.org/x/crypto"
    commit: "5295e8364332db77d75fce11f1d19c053919a9c9"
    subpackages:
    - "pbkdf2"
    url: "https://go.googlesource.com/crypto"
    transitive: false
  test: []
