# This file is autogenerated, do not edit; changes may be undone by the next 'dep ensure'.


[[projects]]
  digest = "1:fcabda0be3e3cef964e575eb95eec318f3e50a50585279d6a7117e9945e8ee96"
  name = "github.com/ddliu/go-httpclient"
  packages = ["."]
  pruneopts = "UT"
  revision = "72917d81d0423a6235790470d15a4d099e3490f9"
  version = "v0.5.1"

[solve-meta]
  analyzer-name = "dep"
  analyzer-version = 1
  input-imports = ["github.com/ddliu/go-httpclient"]
  solver-name = "gps-cdcl"
  solver-version = 1
